// !$*UTF8*$!
{
	archiveVersion = 1;
	classes = {
	};
	objectVersion = 50;
	objects = {

/* Begin PBXBuildFile section */
		8F38E54426B945A100B523B0 /* RegisterViewController.swift in Sources */ = {isa = PBXBuildFile; fileRef = 8F38E54326B945A100B523B0 /* RegisterViewController.swift */; };
		8FF6E25726B9421F00B56259 /* AppDelegate.swift in Sources */ = {isa = PBXBuildFile; fileRef = 8FF6E25626B9421F00B56259 /* AppDelegate.swift */; };
		8FF6E25926B9421F00B56259 /* SceneDelegate.swift in Sources */ = {isa = PBXBuildFile; fileRef = 8FF6E25826B9421F00B56259 /* SceneDelegate.swift */; };
		8FF6E25E26B9421F00B56259 /* Main.storyboard in Resources */ = {isa = PBXBuildFile; fileRef = 8FF6E25C26B9421F00B56259 /* Main.storyboard */; };
		8FF6E26026B9422000B56259 /* Assets.xcassets in Resources */ = {isa = PBXBuildFile; fileRef = 8FF6E25F26B9422000B56259 /* Assets.xcassets */; };
		8FF6E26326B9422000B56259 /* LaunchScreen.storyboard in Resources */ = {isa = PBXBuildFile; fileRef = 8FF6E26126B9422000B56259 /* LaunchScreen.storyboard */; };
		8FF6E26B26B942D300B56259 /* LoginViewController.swift in Sources */ = {isa = PBXBuildFile; fileRef = 8FF6E26A26B942D300B56259 /* LoginViewController.swift */; };
/* End PBXBuildFile section */

/* Begin PBXFileReference section */
		8F38E54326B945A100B523B0 /* RegisterViewController.swift */ = {isa = PBXFileReference; lastKnownFileType = sourcecode.swift; path = RegisterViewController.swift; sourceTree = "<group>"; };
		8FF6E25326B9421F00B56259 /* NavigationControllerPractice.app */ = {isa = PBXFileReference; explicitFileType = wrapper.application; includeInIndex = 0; path = NavigationControllerPractice.app; sourceTree = BUILT_PRODUCTS_DIR; };
		8FF6E25626B9421F00B56259 /* AppDelegate.swift */ = {isa = PBXFileReference; lastKnownFileType = sourcecode.swift; path = AppDelegate.swift; sourceTree = "<group>"; };
		8FF6E25826B9421F00B56259 /* SceneDelegate.swift */ = {isa = PBXFileReference; lastKnownFileType = sourcecode.swift; path = SceneDelegate.swift; sourceTree = "<group>"; };
		8FF6E25D26B9421F00B56259 /* Base */ = {isa = PBXFileReference; lastKnownFileType = file.storyboard; name = Base; path = Base.lproj/Main.storyboard; sourceTree = "<group>"; };
		8FF6E25F26B9422000B56259 /* Assets.xcassets */ = {isa = PBXFileReference; lastKnownFileType = folder.assetcatalog; path = Assets.xcassets; sourceTree = "<group>"; };
		8FF6E26226B9422000B56259 /* Base */ = {isa = PBXFileReference; lastKnownFileType = file.storyboard; name = Base; path = Base.lproj/LaunchScreen.storyboard; sourceTree = "<group>"; };
		8FF6E26426B9422000B56259 /* Info.plist */ = {isa = PBXFileReference; lastKnownFileType = text.plist.xml; path = Info.plist; sourceTree = "<group>"; };
		8FF6E26A26B942D300B56259 /* LoginViewController.swift */ = {isa = PBXFileReference; lastKnownFileType = sourcecode.swift; path = LoginViewController.swift; sourceTree = "<group>"; };
/* End PBXFileReference section */

/* Begin PBXFrameworksBuildPhase section */
		8FF6E25026B9421F00B56259 /* Frameworks */ = {
			isa = PBXFrameworksBuildPhase;
			buildActionMask = 2147483647;
			files = (
			);
			runOnlyForDeploymentPostprocessing = 0;
		};
/* End PBXFrameworksBuildPhase section */

/* Begin PBXGroup section */
		8F38E54526B945A400B523B0 /* ViewController */ = {
			isa = PBXGroup;
			children = (
				8FF6E26A26B942D300B56259 /* LoginViewController.swift */,
				8F38E54326B945A100B523B0 /* RegisterViewController.swift */,
			);
			path = ViewController;
			sourceTree = "<group>";
		};
		8FF6E24A26B9421F00B56259 = {
			isa = PBXGroup;
			children = (
				8FF6E25526B9421F00B56259 /* NavigationControllerPractice */,
				8FF6E25426B9421F00B56259 /* Products */,
			);
			sourceTree = "<group>";
		};
		8FF6E25426B9421F00B56259 /* Products */ = {
			isa = PBXGroup;
			children = (
				8FF6E25326B9421F00B56259 /* NavigationControllerPractice.app */,
			);
			name = Products;
			sourceTree = "<group>";
		};
		8FF6E25526B9421F00B56259 /* NavigationControllerPractice */ = {
			isa = PBXGroup;
			children = (
				8F38E54526B945A400B523B0 /* ViewController */,
				8FF6E25626B9421F00B56259 /* AppDelegate.swift */,
				8FF6E25826B9421F00B56259 /* SceneDelegate.swift */,
				8FF6E25C26B9421F00B56259 /* Main.storyboard */,
				8FF6E25F26B9422000B56259 /* Assets.xcassets */,
				8FF6E26126B9422000B56259 /* LaunchScreen.storyboard */,
				8FF6E26426B9422000B56259 /* Info.plist */,
			);
			path = NavigationControllerPractice;
			sourceTree = "<group>";
		};
/* End PBXGroup section */

/* Begin PBXNativeTarget section */
		8FF6E25226B9421F00B56259 /* NavigationControllerPractice */ = {
			isa = PBXNativeTarget;
			buildConfigurationList = 8FF6E26726B9422000B56259 /* Build configuration list for PBXNativeTarget "NavigationControllerPractice" */;
			buildPhases = (
				8FF6E24F26B9421F00B56259 /* Sources */,
				8FF6E25026B9421F00B56259 /* Frameworks */,
				8FF6E25126B9421F00B56259 /* Resources */,
			);
			buildRules = (
			);
			dependencies = (
			);
			name = NavigationControllerPractice;
			productName = NavigationControllerPractice;
			productReference = 8FF6E25326B9421F00B56259 /* NavigationControllerPractice.app */;
			productType = "com.apple.product-type.application";
		};
/* End PBXNativeTarget section */

/* Begin PBXProject section */
		8FF6E24B26B9421F00B56259 /* Project object */ = {
			isa = PBXProject;
			attributes = {
				LastSwiftUpdateCheck = 1250;
				LastUpgradeCheck = 1250;
				TargetAttributes = {
					8FF6E25226B9421F00B56259 = {
						CreatedOnToolsVersion = 12.5.1;
					};
				};
			};
			buildConfigurationList = 8FF6E24E26B9421F00B56259 /* Build configuration list for PBXProject "NavigationControllerPractice" */;
			compatibilityVersion = "Xcode 9.3";
			developmentRegion = en;
			hasScannedForEncodings = 0;
			knownRegions = (
				en,
				Base,
			);
			mainGroup = 8FF6E24A26B9421F00B56259;
			productRefGroup = 8FF6E25426B9421F00B56259 /* Products */;
			projectDirPath = "";
			projectRoot = "";
			targets = (
				8FF6E25226B9421F00B56259 /* NavigationControllerPractice */,
			);
		};
/* End PBXProject section */

/* Begin PBXResourcesBuildPhase section */
		8FF6E25126B9421F00B56259 /* Resources */ = {
			isa = PBXResourcesBuildPhase;
			buildActionMask = 2147483647;
			files = (
				8FF6E26326B9422000B56259 /* LaunchScreen.storyboard in Resources */,
				8FF6E26026B9422000B56259 /* Assets.xcassets in Resources */,
				8FF6E25E26B9421F00B56259 /* Main.storyboard in Resources */,
			);
			runOnlyForDeploymentPostprocessing = 0;
		};
/* End PBXResourcesBuildPhase section */

/* Begin PBXSourcesBuildPhase section */
		8FF6E24F26B9421F00B56259 /* Sources */ = {
			isa = PBXSourcesBuildPhase;
			buildActionMask = 2147483647;
			files = (
				8FF6E26B26B942D300B56259 /* LoginViewController.swift in Sources */,
				8FF6E25726B9421F00B56259 /* AppDelegate.swift in Sources */,
				8FF6E25926B9421F00B56259 /* SceneDelegate.swift in Sources */,
				8F38E54426B945A100B523B0 /* RegisterViewController.swift in Sources */,
			);
			runOnlyForDeploymentPostprocessing = 0;
		};
/* End PBXSourcesBuildPhase section */

/* Begin PBXVariantGroup section */
		8FF6E25C26B9421F00B56259 /* Main.storyboard */ = {
			isa = PBXVariantGroup;
			children = (
				8FF6E25D26B9421F00B56259 /* Base */,
			);
			name = Main.storyboard;
			sourceTree = "<group>";
		};
		8FF6E26126B9422000B56259 /* LaunchScreen.storyboard */ = {
			isa = PBXVariantGroup;
			children = (
				8FF6E26226B9422000B56259 /* Base */,
			);
			name = LaunchScreen.storyboard;
			sourceTree = "<group>";
		};
/* End PBXVariantGroup section */

/* Begin XCBuildConfiguration section */
		8FF6E26526B9422000B56259 /* Debug */ = {
			isa = XCBuildConfiguration;
			buildSettings = {
				ALWAYS_SEARCH_USER_PATHS = NO;
				CLANG_ANALYZER_NONNULL = YES;
				CLANG_ANALYZER_NUMBER_OBJECT_CONVERSION = YES_AGGRESSIVE;
				CLANG_CXX_LANGUAGE_STANDARD = "gnu++14";
				CLANG_CXX_LIBRARY = "libc++";
				CLANG_ENABLE_MODULES = YES;
				CLANG_ENABLE_OBJC_ARC = YES;
				CLANG_ENABLE_OBJC_WEAK = YES;
				CLANG_WARN_BLOCK_CAPTURE_AUTORELEASING = YES;
				CLANG_WARN_BOOL_CONVERSION = YES;
				CLANG_WARN_COMMA = YES;
				CLANG_WARN_CONSTANT_CONVERSION = YES;
				CLANG_WARN_DEPRECATED_OBJC_IMPLEMENTATIONS = YES;
				CLANG_WARN_DIRECT_OBJC_ISA_USAGE = YES_ERROR;
				CLANG_WARN_DOCUMENTATION_COMMENTS = YES;
				CLANG_WARN_EMPTY_BODY = YES;
				CLANG_WARN_ENUM_CONVERSION = YES;
				CLANG_WARN_INFINITE_RECURSION = YES;
				CLANG_WARN_INT_CONVERSION = YES;
				CLANG_WARN_NON_LITERAL_NULL_CONVERSION = YES;
				CLANG_WARN_OBJC_IMPLICIT_RETAIN_SELF = YES;
				CLANG_WARN_OBJC_LITERAL_CONVERSION = YES;
				CLANG_WARN_OBJC_ROOT_CLASS = YES_ERROR;
				CLANG_WARN_QUOTED_INCLUDE_IN_FRAMEWORK_HEADER = YES;
				CLANG_WARN_RANGE_LOOP_ANALYSIS = YES;
				CLANG_WARN_STRICT_PROTOTYPES = YES;
				CLANG_WARN_SUSPICIOUS_MOVE = YES;
				CLANG_WARN_UNGUARDED_AVAILABILITY = YES_AGGRESSIVE;
				CLANG_WARN_UNREACHABLE_CODE = YES;
				CLANG_WARN__DUPLICATE_METHOD_MATCH = YES;
				COPY_PHASE_STRIP = NO;
				DEBUG_INFORMATION_FORMAT = dwarf;
				ENABLE_STRICT_OBJC_MSGSEND = YES;
				ENABLE_TESTABILITY = YES;
				GCC_C_LANGUAGE_STANDARD = gnu11;
				GCC_DYNAMIC_NO_PIC = NO;
				GCC_NO_COMMON_BLOCKS = YES;
				GCC_OPTIMIZATION_LEVEL = 0;
				GCC_PREPROCESSOR_DEFINITIONS = (
					"DEBUG=1",
					"$(inherited)",
				);
				GCC_WARN_64_TO_32_BIT_CONVERSION = YES;
				GCC_WARN_ABOUT_RETURN_TYPE = YES_ERROR;
				GCC_WARN_UNDECLARED_SELECTOR = YES;
				GCC_WARN_UNINITIALIZED_AUTOS = YES_AGGRESSIVE;
				GCC_WARN_UNUSED_FUNCTION = YES;
				GCC_WARN_UNUSED_VARIABLE = YES;
				IPHONEOS_DEPLOYMENT_TARGET = 14.5;
				MTL_ENABLE_DEBUG_INFO = INCLUDE_SOURCE;
				MTL_FAST_MATH = YES;
				ONLY_ACTIVE_ARCH = YES;
				SDKROOT = iphoneos;
				SWIFT_ACTIVE_COMPILATION_CONDITIONS = DEBUG;
				SWIFT_OPTIMIZATION_LEVEL = "-Onone";
			};
			name = Debug;
		};
		8FF6E26626B9422000B56259 /* Release */ = {
			isa = XCBuildConfiguration;
			buildSettings = {
				ALWAYS_SEARCH_USER_PATHS = NO;
				CLANG_ANALYZER_NONNULL = YES;
				CLANG_ANALYZER_NUMBER_OBJECT_CONVERSION = YES_AGGRESSIVE;
				CLANG_CXX_LANGUAGE_STANDARD = "gnu++14";
				CLANG_CXX_LIBRARY = "libc++";
				CLANG_ENABLE_MODULES = YES;
				CLANG_ENABLE_OBJC_ARC = YES;
				CLANG_ENABLE_OBJC_WEAK = YES;
				CLANG_WARN_BLOCK_CAPTURE_AUTORELEASING = YES;
				CLANG_WARN_BOOL_CONVERSION = YES;
				CLANG_WARN_COMMA = YES;
				CLANG_WARN_CONSTANT_CONVERSION = YES;
				CLANG_WARN_DEPRECATED_OBJC_IMPLEMENTATIONS = YES;
				CLANG_WARN_DIRECT_OBJC_ISA_USAGE = YES_ERROR;
				CLANG_WARN_DOCUMENTATION_COMMENTS = YES;
				CLANG_WARN_EMPTY_BODY = YES;
				CLANG_WARN_ENUM_CONVERSION = YES;
				CLANG_WARN_INFINITE_RECURSION = YES;
				CLANG_WARN_INT_CONVERSION = YES;
				CLANG_WARN_NON_LITERAL_NULL_CONVERSION = YES;
				CLANG_WARN_OBJC_IMPLICIT_RETAIN_SELF = YES;
				CLANG_WARN_OBJC_LITERAL_CONVERSION = YES;
				CLANG_WARN_OBJC_ROOT_CLASS = YES_ERROR;
				CLANG_WARN_QUOTED_INCLUDE_IN_FRAMEWORK_HEADER = YES;
				CLANG_WARN_RANGE_LOOP_ANALYSIS = YES;
				CLANG_WARN_STRICT_PROTOTYPES = YES;
				CLANG_WARN_SUSPICIOUS_MOVE = YES;
				CLANG_WARN_UNGUARDED_AVAILABILITY = YES_AGGRESSIVE;
				CLANG_WARN_UNREACHABLE_CODE = YES;
				CLANG_WARN__DUPLICATE_METHOD_MATCH = YES;
				COPY_PHASE_STRIP = NO;
				DEBUG_INFORMATION_FORMAT = "dwarf-with-dsym";
				ENABLE_NS_ASSERTIONS = NO;
				ENABLE_STRICT_OBJC_MSGSEND = YES;
				GCC_C_LANGUAGE_STANDARD = gnu11;
				GCC_NO_COMMON_BLOCKS = YES;
				GCC_WARN_64_TO_32_BIT_CONVERSION = YES;
				GCC_WARN_ABOUT_RETURN_TYPE = YES_ERROR;
				GCC_WARN_UNDECLARED_SELECTOR = YES;
				GCC_WARN_UNINITIALIZED_AUTOS = YES_AGGRESSIVE;
				GCC_WARN_UNUSED_FUNCTION = YES;
				GCC_WARN_UNUSED_VARIABLE = YES;
				IPHONEOS_DEPLOYMENT_TARGET = 14.5;
				MTL_ENABLE_DEBUG_INFO = NO;
				MTL_FAST_MATH = YES;
				SDKROOT = iphoneos;
				SWIFT_COMPILATION_MODE = wholemodule;
				SWIFT_OPTIMIZATION_LEVEL = "-O";
				VALIDATE_PRODUCT = YES;
			};
			name = Release;
		};
		8FF6E26826B9422000B56259 /* Debug */ = {
			isa = XCBuildConfiguration;
			buildSettings = {
				ASSETCATALOG_COMPILER_APPICON_NAME = AppIcon;
				ASSETCATALOG_COMPILER_GLOBAL_ACCENT_COLOR_NAME = AccentColor;
				CODE_SIGN_STYLE = Automatic;
				INFOPLIST_FILE = NavigationControllerPractice/Info.plist;
				LD_RUNPATH_SEARCH_PATHS = (
					"$(inherited)",
					"@executable_path/Frameworks",
				);
				PRODUCT_BUNDLE_IDENTIFIER = "com.haero-kim.NavigationControllerPractice";
				PRODUCT_NAME = "$(TARGET_NAME)";
				SWIFT_VERSION = 5.0;
				TARGETED_DEVICE_FAMILY = "1,2";
			};
			name = Debug;
		};
		8FF6E26926B9422000B56259 /* Release */ = {
			isa = XCBuildConfiguration;
			buildSettings = {
				ASSETCATALOG_COMPILER_APPICON_NAME = AppIcon;
				ASSETCATALOG_COMPILER_GLOBAL_ACCENT_COLOR_NAME = AccentColor;
				CODE_SIGN_STYLE = Automatic;
				INFOPLIST_FILE = NavigationControllerPractice/Info.plist;
				LD_RUNPATH_SEARCH_PATHS = (
					"$(inherited)",
					"@executable_path/Frameworks",
				);
				PRODUCT_BUNDLE_IDENTIFIER = "com.haero-kim.NavigationControllerPractice";
				PRODUCT_NAME = "$(TARGET_NAME)";
				SWIFT_VERSION = 5.0;
				TARGETED_DEVICE_FAMILY = "1,2";
			};
			name = Release;
		};
/* End XCBuildConfiguration section */

/* Begin XCConfigurationList section */
		8FF6E24E26B9421F00B56259 /* Build configuration list for PBXProject "NavigationControllerPractice" */ = {
			isa = XCConfigurationList;
			buildConfigurations = (
				8FF6E26526B9422000B56259 /* Debug */,
				8FF6E26626B9422000B56259 /* Release */,
			);
			defaultConfigurationIsVisible = 0;
			defaultConfigurationName = Release;
		};
		8FF6E26726B9422000B56259 /* Build configuration list for PBXNativeTarget "NavigationControllerPractice" */ = {
			isa = XCConfigurationList;
			buildConfigurations = (
				8FF6E26826B9422000B56259 /* Debug */,
				8FF6E26926B9422000B56259 /* Release */,
			);
			defaultConfigurationIsVisible = 0;
			defaultConfigurationName = Release;
		};
/* End XCConfigurationList section */
	};
	rootObject = 8FF6E24B26B9421F00B56259 /* Project object */;
}
